#
# This file is autogenerated by pip-compile
# To update, run:
#
#    pip-compile --output-file=requirements.txt.lock requirements.txt
#
--index-url https://artifactory.audeering.com/artifactory/api/pypi/pypi/simple
--trusted-host artifactory.audeering.com

audb==1.0.2
    # via -r requirements.txt
audbackend==0.3.3
    # via audb
audeer==1.12.0
    # via
    #   audb
    #   audbackend
    #   audfactory
    #   audformat
    #   audiofile
    #   audobject
audfactory==1.0.3
    # via audbackend
audformat==0.10.1
    # via
    #   -r requirements.txt
    #   audb
audiofile==0.4.1
    # via
    #   audb
    #   audformat
audobject==0.4.13
    # via audb
audresample==0.1.4
    # via audb
certifi==2020.12.5
    # via requests
cffi==1.14.5
    # via soundfile
chardet==4.0.0
    # via requests
dohq-artifactory==0.7.534
    # via audfactory
fire==0.4.0
    # via audb
idna==2.10
    # via requests
iso-639==0.4.5
    # via audformat
numpy==1.19.5
    # via
    #   audiofile
    #   audresample
    #   pandas
    #   sox
oyaml==1.0
    # via
    #   audb
    #   audformat
    #   audobject
pandas==1.1.5
    # via audformat
pycparser==2.20
    # via cffi
pyjwt==2.0.1
    # via dohq-artifactory
python-dateutil==2.8.1
    # via
    #   dohq-artifactory
    #   pandas
pytz==2021.1
    # via pandas
pyyaml==5.4.1
    # via oyaml
requests==2.25.1
    # via dohq-artifactory
six==1.15.0
    # via
    #   fire
    #   python-dateutil
soundfile==0.10.3.post1
    # via audiofile
sox==1.4.1
    # via audiofile
termcolor==1.1.0
    # via fire
tqdm==4.60.0
    # via audeer
urllib3==1.26.4
    # via requests
