#
# This file is autogenerated by pip-compile with python 3.8
# To update, run:
#
#    pip-compile --output-file=requirements.txt.lock requirements.txt
#
--index-url https://artifactory.audeering.com/artifactory/api/pypi/pypi/simple
--trusted-host artifactory.audeering.com

audb==1.4.2
    # via -r requirements.txt
audbackend==0.3.18
    # via audb
audeer==1.19.0
    # via
    #   audb
    #   audbackend
    #   audfactory
    #   audformat
    #   audiofile
    #   audobject
audfactory==1.0.12
    # via audbackend
audformat==0.16.1
    # via audb
audiofile==1.2.1
    # via
    #   audb
    #   audformat
audmath==1.2.1
    # via audiofile
audobject==0.7.9
    # via audb
audresample==1.2.1
    # via audb
certifi==2022.12.7
    # via requests
cffi==1.15.1
    # via soundfile
charset-normalizer==3.1.0
    # via requests
dohq-artifactory==0.8.4
    # via audfactory
filelock==3.10.7
    # via audb
idna==3.4
    # via requests
importlib-metadata==6.1.0
    # via audobject
iso-639==0.4.5
    # via audformat
iso3166==2.1.1
    # via audformat
numpy==1.24.2
    # via
    #   audiofile
    #   audmath
    #   audresample
    #   pandas
oyaml==1.0
    # via
    #   audb
    #   audformat
    #   audobject
pandas==2.0.0
    # via audformat
pycparser==2.21
    # via cffi
pyjwt==2.6.0
    # via dohq-artifactory
python-dateutil==2.8.2
    # via
    #   dohq-artifactory
    #   pandas
pytz==2023.3
    # via pandas
pyyaml==6.0
    # via
    #   audformat
    #   oyaml
requests==2.28.2
    # via dohq-artifactory
six==1.16.0
    # via python-dateutil
soundfile==0.12.1
    # via audiofile
tqdm==4.65.0
    # via audeer
tzdata==2023.3
    # via pandas
urllib3==1.26.15
    # via requests
zipp==3.15.0
    # via importlib-metadata
