#
# This file is autogenerated by pip-compile with python 3.8
# To update, run:
#
#    pip-compile --output-file=requirements.txt.lock requirements.txt
#
--index-url https://artifactory.audeering.com/artifactory/api/pypi/pypi/simple
--trusted-host artifactory.audeering.com

audb==1.4.0
    # via -r requirements.txt
audbackend==0.3.15
    # via audb
audeer==1.18.0
    # via
    #   audb
    #   audbackend
    #   audfactory
    #   audformat
    #   audiofile
    #   audobject
audfactory==1.0.8
    # via audbackend
audformat==0.15.2
    # via audb
audiofile==1.1.0
    # via
    #   audb
    #   audformat
audobject==0.7.5
    # via audb
audresample==1.1.0
    # via audb
certifi==2022.6.15
    # via requests
cffi==1.15.1
    # via soundfile
charset-normalizer==2.1.0
    # via requests
dohq-artifactory==0.7.742
    # via
    #   audbackend
    #   audfactory
filelock==3.8.0
    # via audb
idna==3.3
    # via requests
importlib-metadata==4.12.0
    # via audobject
iso-639==0.4.5
    # via audformat
iso3166==2.1.1
    # via audformat
numpy==1.23.2
    # via
    #   audiofile
    #   audresample
    #   pandas
    #   sox
oyaml==1.0
    # via
    #   audb
    #   audformat
    #   audobject
pandas==1.4.3
    # via audformat
pycparser==2.21
    # via cffi
pyjwt==2.4.0
    # via dohq-artifactory
python-dateutil==2.8.2
    # via
    #   dohq-artifactory
    #   pandas
pytz==2022.2.1
    # via pandas
pyyaml==6.0
    # via
    #   audformat
    #   oyaml
requests==2.28.1
    # via dohq-artifactory
six==1.16.0
    # via python-dateutil
soundfile==0.10.3.post1
    # via audiofile
sox==1.4.1
    # via audiofile
tqdm==4.64.0
    # via audeer
urllib3==1.26.11
    # via requests
zipp==3.8.1
    # via importlib-metadata
